
Microsoft Visual Studio Solution File, Format Version 12.00
# Visual Studio 15
VisualStudioVersion = 15.0.26730.16
MinimumVisualStudioVersion = 10.0.40219.1
Project("{FAE04EC0-301F-11D3-BF4B-00C04F79EFBC}") = "NowMineClient.Android", "NowMineClient\NowMineClient.Android\NowMineClient.Android.csproj", "{75169450-4E9B-4A05-95D1-2640F9663A13}"
EndProject
Project("{FAE04EC0-301F-11D3-BF4B-00C04F79EFBC}") = "NowMineClient", "NowMineClient\NowMineClient\NowMineClient.csproj", "{C4CB45B5-99AD-427B-A908-B85C2D7A5776}"
EndProject
Project("{FAE04EC0-301F-11D3-BF4B-00C04F79EFBC}") = "NowMineClient.iOS", "NowMineClient\NowMineClient.iOS\NowMineClient.iOS.csproj", "{E4EA6268-36E3-4CA4-807B-DBBC0274C087}"
EndProject
Project("{9A19103F-16F7-4668-BE54-9A1E7A4F7556}") = "NowMineCommon", "..\NowMineCommon\NowMineCommon.csproj", "{CBFE7EE3-3379-4E1B-B6D2-9E28764F8A2C}"
EndProject
Global
	GlobalSection(SolutionConfigurationPlatforms) = preSolution
		Ad-Hoc|Any CPU = Ad-Hoc|Any CPU
		Ad-Hoc|ARM = Ad-Hoc|ARM
		Ad-Hoc|iPhone = Ad-Hoc|iPhone
		Ad-Hoc|iPhoneSimulator = Ad-Hoc|iPhoneSimulator
		Ad-Hoc|x64 = Ad-Hoc|x64
		Ad-Hoc|x86 = Ad-Hoc|x86
		AppStore|Any CPU = AppStore|Any CPU
		AppStore|ARM = AppStore|ARM
		AppStore|iPhone = AppStore|iPhone
		AppStore|iPhoneSimulator = AppStore|iPhoneSimulator
		AppStore|x64 = AppStore|x64
		AppStore|x86 = AppStore|x86
		Debug|Any CPU = Debug|Any CPU
		Debug|ARM = Debug|ARM
		Debug|iPhone = Debug|iPhone
		Debug|iPhoneSimulator = Debug|iPhoneSimulator
		Debug|x64 = Debug|x64
		Debug|x86 = Debug|x86
		Release|Any CPU = Release|Any CPU
		Release|ARM = Release|ARM
		Release|iPhone = Release|iPhone
		Release|iPhoneSimulator = Release|iPhoneSimulator
		Release|x64 = Release|x64
		Release|x86 = Release|x86
	EndGlobalSection
	GlobalSection(ProjectConfigurationPlatforms) = postSolution
		{75169450-4E9B-4A05-95D1-2640F9663A13}.Ad-Hoc|Any CPU.ActiveCfg = Release|Any CPU
		{75169450-4E9B-4A05-95D1-2640F9663A13}.Ad-Hoc|Any CPU.Build.0 = Release|Any CPU
		{75169450-4E9B-4A05-95D1-2640F9663A13}.Ad-Hoc|Any CPU.Deploy.0 = Release|Any CPU
		{75169450-4E9B-4A05-95D1-2640F9663A13}.Ad-Hoc|ARM.ActiveCfg = Release|Any CPU
		{75169450-4E9B-4A05-95D1-2640F9663A13}.Ad-Hoc|ARM.Build.0 = Release|Any CPU
		{75169450-4E9B-4A05-95D1-2640F9663A13}.Ad-Hoc|ARM.Deploy.0 = Release|Any CPU
		{75169450-4E9B-4A05-95D1-2640F9663A13}.Ad-Hoc|iPhone.ActiveCfg = Release|Any CPU
		{75169450-4E9B-4A05-95D1-2640F9663A13}.Ad-Hoc|iPhone.Build.0 = Release|Any CPU
		{75169450-4E9B-4A05-95D1-2640F9663A13}.Ad-Hoc|iPhone.Deploy.0 = Release|Any CPU
		{75169450-4E9B-4A05-95D1-2640F9663A13}.Ad-Hoc|iPhoneSimulator.ActiveCfg = Release|Any CPU
		{75169450-4E9B-4A05-95D1-2640F9663A13}.Ad-Hoc|iPhoneSimulator.Build.0 = Release|Any CPU
		{75169450-4E9B-4A05-95D1-2640F9663A13}.Ad-Hoc|iPhoneSimulator.Deploy.0 = Release|Any CPU
		{75169450-4E9B-4A05-95D1-2640F9663A13}.Ad-Hoc|x64.ActiveCfg = Release|Any CPU
		{75169450-4E9B-4A05-95D1-2640F9663A13}.Ad-Hoc|x64.Build.0 = Release|Any CPU
		{75169450-4E9B-4A05-95D1-2640F9663A13}.Ad-Hoc|x64.Deploy.0 = Release|Any CPU
		{75169450-4E9B-4A05-95D1-2640F9663A13}.Ad-Hoc|x86.ActiveCfg = Release|Any CPU
		{75169450-4E9B-4A05-95D1-2640F9663A13}.Ad-Hoc|x86.Build.0 = Release|Any CPU
		{75169450-4E9B-4A05-95D1-2640F9663A13}.Ad-Hoc|x86.Deploy.0 = Release|Any CPU
		{75169450-4E9B-4A05-95D1-2640F9663A13}.AppStore|Any CPU.ActiveCfg = Release|Any CPU
		{75169450-4E9B-4A05-95D1-2640F9663A13}.AppStore|Any CPU.Build.0 = Release|Any CPU
		{75169450-4E9B-4A05-95D1-2640F9663A13}.AppStore|Any CPU.Deploy.0 = Release|Any CPU
		{75169450-4E9B-4A05-95D1-2640F9663A13}.AppStore|ARM.ActiveCfg = Release|Any CPU
		{75169450-4E9B-4A05-95D1-2640F9663A13}.AppStore|ARM.Build.0 = Release|Any CPU
		{75169450-4E9B-4A05-95D1-2640F9663A13}.AppStore|ARM.Deploy.0 = Release|Any CPU
		{75169450-4E9B-4A05-95D1-2640F9663A13}.AppStore|iPhone.ActiveCfg = Release|Any CPU
		{75169450-4E9B-4A05-95D1-2640F9663A13}.AppStore|iPhone.Build.0 = Release|Any CPU
		{75169450-4E9B-4A05-95D1-2640F9663A13}.AppStore|iPhone.Deploy.0 = Release|Any CPU
		{75169450-4E9B-4A05-95D1-2640F9663A13}.AppStore|iPhoneSimulator.ActiveCfg = Release|Any CPU
		{75169450-4E9B-4A05-95D1-2640F9663A13}.AppStore|iPhoneSimulator.Build.0 = Release|Any CPU
		{75169450-4E9B-4A05-95D1-2640F9663A13}.AppStore|iPhoneSimulator.Deploy.0 = Release|Any CPU
		{75169450-4E9B-4A05-95D1-2640F9663A13}.AppStore|x64.ActiveCfg = Release|Any CPU
		{75169450-4E9B-4A05-95D1-2640F9663A13}.AppStore|x64.Build.0 = Release|Any CPU
		{75169450-4E9B-4A05-95D1-2640F9663A13}.AppStore|x64.Deploy.0 = Release|Any CPU
		{75169450-4E9B-4A05-95D1-2640F9663A13}.AppStore|x86.ActiveCfg = Release|Any CPU
		{75169450-4E9B-4A05-95D1-2640F9663A13}.AppStore|x86.Build.0 = Release|Any CPU
		{75169450-4E9B-4A05-95D1-2640F9663A13}.AppStore|x86.Deploy.0 = Release|Any CPU
		{75169450-4E9B-4A05-95D1-2640F9663A13}.Debug|Any CPU.ActiveCfg = Debug|Any CPU
		{75169450-4E9B-4A05-95D1-2640F9663A13}.Debug|Any CPU.Build.0 = Debug|Any CPU
		{75169450-4E9B-4A05-95D1-2640F9663A13}.Debug|Any CPU.Deploy.0 = Debug|Any CPU
		{75169450-4E9B-4A05-95D1-2640F9663A13}.Debug|ARM.ActiveCfg = Debug|Any CPU
		{75169450-4E9B-4A05-95D1-2640F9663A13}.Debug|ARM.Build.0 = Debug|Any CPU
		{75169450-4E9B-4A05-95D1-2640F9663A13}.Debug|ARM.Deploy.0 = Debug|Any CPU
		{75169450-4E9B-4A05-95D1-2640F9663A13}.Debug|iPhone.ActiveCfg = Debug|Any CPU
		{75169450-4E9B-4A05-95D1-2640F9663A13}.Debug|iPhone.Build.0 = Debug|Any CPU
		{75169450-4E9B-4A05-95D1-2640F9663A13}.Debug|iPhone.Deploy.0 = Debug|Any CPU
		{75169450-4E9B-4A05-95D1-2640F9663A13}.Debug|iPhoneSimulator.ActiveCfg = Debug|Any CPU
		{75169450-4E9B-4A05-95D1-2640F9663A13}.Debug|iPhoneSimulator.Build.0 = Debug|Any CPU
		{75169450-4E9B-4A05-95D1-2640F9663A13}.Debug|iPhoneSimulator.Deploy.0 = Debug|Any CPU
		{75169450-4E9B-4A05-95D1-2640F9663A13}.Debug|x64.ActiveCfg = Debug|Any CPU
		{75169450-4E9B-4A05-95D1-2640F9663A13}.Debug|x64.Build.0 = Debug|Any CPU
		{75169450-4E9B-4A05-95D1-2640F9663A13}.Debug|x64.Deploy.0 = Debug|Any CPU
		{75169450-4E9B-4A05-95D1-2640F9663A13}.Debug|x86.ActiveCfg = Debug|Any CPU
		{75169450-4E9B-4A05-95D1-2640F9663A13}.Debug|x86.Build.0 = Debug|Any CPU
		{75169450-4E9B-4A05-95D1-2640F9663A13}.Debug|x86.Deploy.0 = Debug|Any CPU
		{75169450-4E9B-4A05-95D1-2640F9663A13}.Release|Any CPU.ActiveCfg = Release|Any CPU
		{75169450-4E9B-4A05-95D1-2640F9663A13}.Release|Any CPU.Build.0 = Release|Any CPU
		{75169450-4E9B-4A05-95D1-2640F9663A13}.Release|Any CPU.Deploy.0 = Release|Any CPU
		{75169450-4E9B-4A05-95D1-2640F9663A13}.Release|ARM.ActiveCfg = Release|Any CPU
		{75169450-4E9B-4A05-95D1-2640F9663A13}.Release|ARM.Build.0 = Release|Any CPU
		{75169450-4E9B-4A05-95D1-2640F9663A13}.Release|ARM.Deploy.0 = Release|Any CPU
		{75169450-4E9B-4A05-95D1-2640F9663A13}.Release|iPhone.ActiveCfg = Release|Any CPU
		{75169450-4E9B-4A05-95D1-2640F9663A13}.Release|iPhone.Build.0 = Release|Any CPU
		{75169450-4E9B-4A05-95D1-2640F9663A13}.Release|iPhone.Deploy.0 = Release|Any CPU
		{75169450-4E9B-4A05-95D1-2640F9663A13}.Release|iPhoneSimulator.ActiveCfg = Release|Any CPU
		{75169450-4E9B-4A05-95D1-2640F9663A13}.Release|iPhoneSimulator.Build.0 = Release|Any CPU
		{75169450-4E9B-4A05-95D1-2640F9663A13}.Release|iPhoneSimulator.Deploy.0 = Release|Any CPU
		{75169450-4E9B-4A05-95D1-2640F9663A13}.Release|x64.ActiveCfg = Release|Any CPU
		{75169450-4E9B-4A05-95D1-2640F9663A13}.Release|x64.Build.0 = Release|Any CPU
		{75169450-4E9B-4A05-95D1-2640F9663A13}.Release|x64.Deploy.0 = Release|Any CPU
		{75169450-4E9B-4A05-95D1-2640F9663A13}.Release|x86.ActiveCfg = Release|Any CPU
		{75169450-4E9B-4A05-95D1-2640F9663A13}.Release|x86.Build.0 = Release|Any CPU
		{75169450-4E9B-4A05-95D1-2640F9663A13}.Release|x86.Deploy.0 = Release|Any CPU
		{C4CB45B5-99AD-427B-A908-B85C2D7A5776}.Ad-Hoc|Any CPU.ActiveCfg = Release|Any CPU
		{C4CB45B5-99AD-427B-A908-B85C2D7A5776}.Ad-Hoc|Any CPU.Build.0 = Release|Any CPU
		{C4CB45B5-99AD-427B-A908-B85C2D7A5776}.Ad-Hoc|ARM.ActiveCfg = Release|Any CPU
		{C4CB45B5-99AD-427B-A908-B85C2D7A5776}.Ad-Hoc|ARM.Build.0 = Release|Any CPU
		{C4CB45B5-99AD-427B-A908-B85C2D7A5776}.Ad-Hoc|iPhone.ActiveCfg = Release|Any CPU
		{C4CB45B5-99AD-427B-A908-B85C2D7A5776}.Ad-Hoc|iPhone.Build.0 = Release|Any CPU
		{C4CB45B5-99AD-427B-A908-B85C2D7A5776}.Ad-Hoc|iPhoneSimulator.ActiveCfg = Release|Any CPU
		{C4CB45B5-99AD-427B-A908-B85C2D7A5776}.Ad-Hoc|iPhoneSimulator.Build.0 = Release|Any CPU
		{C4CB45B5-99AD-427B-A908-B85C2D7A5776}.Ad-Hoc|x64.ActiveCfg = Release|Any CPU
		{C4CB45B5-99AD-427B-A908-B85C2D7A5776}.Ad-Hoc|x64.Build.0 = Release|Any CPU
		{C4CB45B5-99AD-427B-A908-B85C2D7A5776}.Ad-Hoc|x86.ActiveCfg = Release|Any CPU
		{C4CB45B5-99AD-427B-A908-B85C2D7A5776}.Ad-Hoc|x86.Build.0 = Release|Any CPU
		{C4CB45B5-99AD-427B-A908-B85C2D7A5776}.AppStore|Any CPU.ActiveCfg = Release|Any CPU
		{C4CB45B5-99AD-427B-A908-B85C2D7A5776}.AppStore|Any CPU.Build.0 = Release|Any CPU
		{C4CB45B5-99AD-427B-A908-B85C2D7A5776}.AppStore|ARM.ActiveCfg = Release|Any CPU
		{C4CB45B5-99AD-427B-A908-B85C2D7A5776}.AppStore|ARM.Build.0 = Release|Any CPU
		{C4CB45B5-99AD-427B-A908-B85C2D7A5776}.AppStore|iPhone.ActiveCfg = Release|Any CPU
		{C4CB45B5-99AD-427B-A908-B85C2D7A5776}.AppStore|iPhone.Build.0 = Release|Any CPU
		{C4CB45B5-99AD-427B-A908-B85C2D7A5776}.AppStore|iPhoneSimulator.ActiveCfg = Release|Any CPU
		{C4CB45B5-99AD-427B-A908-B85C2D7A5776}.AppStore|iPhoneSimulator.Build.0 = Release|Any CPU
		{C4CB45B5-99AD-427B-A908-B85C2D7A5776}.AppStore|x64.ActiveCfg = Release|Any CPU
		{C4CB45B5-99AD-427B-A908-B85C2D7A5776}.AppStore|x64.Build.0 = Release|Any CPU
		{C4CB45B5-99AD-427B-A908-B85C2D7A5776}.AppStore|x86.ActiveCfg = Release|Any CPU
		{C4CB45B5-99AD-427B-A908-B85C2D7A5776}.AppStore|x86.Build.0 = Release|Any CPU
		{C4CB45B5-99AD-427B-A908-B85C2D7A5776}.Debug|Any CPU.ActiveCfg = Debug|Any CPU
		{C4CB45B5-99AD-427B-A908-B85C2D7A5776}.Debug|Any CPU.Build.0 = Debug|Any CPU
		{C4CB45B5-99AD-427B-A908-B85C2D7A5776}.Debug|ARM.ActiveCfg = Debug|Any CPU
		{C4CB45B5-99AD-427B-A908-B85C2D7A5776}.Debug|ARM.Build.0 = Debug|Any CPU
		{C4CB45B5-99AD-427B-A908-B85C2D7A5776}.Debug|iPhone.ActiveCfg = Debug|Any CPU
		{C4CB45B5-99AD-427B-A908-B85C2D7A5776}.Debug|iPhone.Build.0 = Debug|Any CPU
		{C4CB45B5-99AD-427B-A908-B85C2D7A5776}.Debug|iPhoneSimulator.ActiveCfg = Debug|Any CPU
		{C4CB45B5-99AD-427B-A908-B85C2D7A5776}.Debug|iPhoneSimulator.Build.0 = Debug|Any CPU
		{C4CB45B5-99AD-427B-A908-B85C2D7A5776}.Debug|x64.ActiveCfg = Debug|Any CPU
		{C4CB45B5-99AD-427B-A908-B85C2D7A5776}.Debug|x64.Build.0 = Debug|Any CPU
		{C4CB45B5-99AD-427B-A908-B85C2D7A5776}.Debug|x86.ActiveCfg = Debug|Any CPU
		{C4CB45B5-99AD-427B-A908-B85C2D7A5776}.Debug|x86.Build.0 = Debug|Any CPU
		{C4CB45B5-99AD-427B-A908-B85C2D7A5776}.Release|Any CPU.ActiveCfg = Release|Any CPU
		{C4CB45B5-99AD-427B-A908-B85C2D7A5776}.Release|Any CPU.Build.0 = Release|Any CPU
		{C4CB45B5-99AD-427B-A908-B85C2D7A5776}.Release|ARM.ActiveCfg = Release|Any CPU
		{C4CB45B5-99AD-427B-A908-B85C2D7A5776}.Release|ARM.Build.0 = Release|Any CPU
		{C4CB45B5-99AD-427B-A908-B85C2D7A5776}.Release|iPhone.ActiveCfg = Release|Any CPU
		{C4CB45B5-99AD-427B-A908-B85C2D7A5776}.Release|iPhone.Build.0 = Release|Any CPU
		{C4CB45B5-99AD-427B-A908-B85C2D7A5776}.Release|iPhoneSimulator.ActiveCfg = Release|Any CPU
		{C4CB45B5-99AD-427B-A908-B85C2D7A5776}.Release|iPhoneSimulator.Build.0 = Release|Any CPU
		{C4CB45B5-99AD-427B-A908-B85C2D7A5776}.Release|x64.ActiveCfg = Release|Any CPU
		{C4CB45B5-99AD-427B-A908-B85C2D7A5776}.Release|x64.Build.0 = Release|Any CPU
		{C4CB45B5-99AD-427B-A908-B85C2D7A5776}.Release|x86.ActiveCfg = Release|Any CPU
		{C4CB45B5-99AD-427B-A908-B85C2D7A5776}.Release|x86.Build.0 = Release|Any CPU
		{E4EA6268-36E3-4CA4-807B-DBBC0274C087}.Ad-Hoc|Any CPU.ActiveCfg = Ad-Hoc|iPhone
		{E4EA6268-36E3-4CA4-807B-DBBC0274C087}.Ad-Hoc|ARM.ActiveCfg = Ad-Hoc|iPhone
		{E4EA6268-36E3-4CA4-807B-DBBC0274C087}.Ad-Hoc|iPhone.ActiveCfg = Ad-Hoc|iPhone
		{E4EA6268-36E3-4CA4-807B-DBBC0274C087}.Ad-Hoc|iPhone.Build.0 = Ad-Hoc|iPhone
		{E4EA6268-36E3-4CA4-807B-DBBC0274C087}.Ad-Hoc|iPhoneSimulator.ActiveCfg = Ad-Hoc|iPhoneSimulator
		{E4EA6268-36E3-4CA4-807B-DBBC0274C087}.Ad-Hoc|iPhoneSimulator.Build.0 = Ad-Hoc|iPhoneSimulator
		{E4EA6268-36E3-4CA4-807B-DBBC0274C087}.Ad-Hoc|x64.ActiveCfg = Ad-Hoc|iPhone
		{E4EA6268-36E3-4CA4-807B-DBBC0274C087}.Ad-Hoc|x86.ActiveCfg = Ad-Hoc|iPhone
		{E4EA6268-36E3-4CA4-807B-DBBC0274C087}.AppStore|Any CPU.ActiveCfg = AppStore|iPhone
		{E4EA6268-36E3-4CA4-807B-DBBC0274C087}.AppStore|ARM.ActiveCfg = AppStore|iPhone
		{E4EA6268-36E3-4CA4-807B-DBBC0274C087}.AppStore|iPhone.ActiveCfg = AppStore|iPhone
		{E4EA6268-36E3-4CA4-807B-DBBC0274C087}.AppStore|iPhone.Build.0 = AppStore|iPhone
		{E4EA6268-36E3-4CA4-807B-DBBC0274C087}.AppStore|iPhoneSimulator.ActiveCfg = AppStore|iPhoneSimulator
		{E4EA6268-36E3-4CA4-807B-DBBC0274C087}.AppStore|iPhoneSimulator.Build.0 = AppStore|iPhoneSimulator
		{E4EA6268-36E3-4CA4-807B-DBBC0274C087}.AppStore|x64.ActiveCfg = AppStore|iPhone
		{E4EA6268-36E3-4CA4-807B-DBBC0274C087}.AppStore|x86.ActiveCfg = AppStore|iPhone
		{E4EA6268-36E3-4CA4-807B-DBBC0274C087}.Debug|Any CPU.ActiveCfg = Debug|iPhone
		{E4EA6268-36E3-4CA4-807B-DBBC0274C087}.Debug|ARM.ActiveCfg = Debug|iPhone
		{E4EA6268-36E3-4CA4-807B-DBBC0274C087}.Debug|iPhone.ActiveCfg = Debug|iPhone
		{E4EA6268-36E3-4CA4-807B-DBBC0274C087}.Debug|iPhone.Build.0 = Debug|iPhone
		{E4EA6268-36E3-4CA4-807B-DBBC0274C087}.Debug|iPhoneSimulator.ActiveCfg = Debug|iPhoneSimulator
		{E4EA6268-36E3-4CA4-807B-DBBC0274C087}.Debug|iPhoneSimulator.Build.0 = Debug|iPhoneSimulator
		{E4EA6268-36E3-4CA4-807B-DBBC0274C087}.Debug|x64.ActiveCfg = Debug|iPhone
		{E4EA6268-36E3-4CA4-807B-DBBC0274C087}.Debug|x86.ActiveCfg = Debug|iPhone
		{E4EA6268-36E3-4CA4-807B-DBBC0274C087}.Release|Any CPU.ActiveCfg = Release|iPhone
		{E4EA6268-36E3-4CA4-807B-DBBC0274C087}.Release|ARM.ActiveCfg = Release|iPhone
		{E4EA6268-36E3-4CA4-807B-DBBC0274C087}.Release|iPhone.ActiveCfg = Release|iPhone
		{E4EA6268-36E3-4CA4-807B-DBBC0274C087}.Release|iPhone.Build.0 = Release|iPhone
		{E4EA6268-36E3-4CA4-807B-DBBC0274C087}.Release|iPhoneSimulator.ActiveCfg = Release|iPhoneSimulator
		{E4EA6268-36E3-4CA4-807B-DBBC0274C087}.Release|iPhoneSimulator.Build.0 = Release|iPhoneSimulator
		{E4EA6268-36E3-4CA4-807B-DBBC0274C087}.Release|x64.ActiveCfg = Release|iPhone
		{E4EA6268-36E3-4CA4-807B-DBBC0274C087}.Release|x86.ActiveCfg = Release|iPhone
		{CBFE7EE3-3379-4E1B-B6D2-9E28764F8A2C}.Ad-Hoc|Any CPU.ActiveCfg = Debug|Any CPU
		{CBFE7EE3-3379-4E1B-B6D2-9E28764F8A2C}.Ad-Hoc|Any CPU.Build.0 = Debug|Any CPU
		{CBFE7EE3-3379-4E1B-B6D2-9E28764F8A2C}.Ad-Hoc|ARM.ActiveCfg = Debug|Any CPU
		{CBFE7EE3-3379-4E1B-B6D2-9E28764F8A2C}.Ad-Hoc|ARM.Build.0 = Debug|Any CPU
		{CBFE7EE3-3379-4E1B-B6D2-9E28764F8A2C}.Ad-Hoc|iPhone.ActiveCfg = Debug|Any CPU
		{CBFE7EE3-3379-4E1B-B6D2-9E28764F8A2C}.Ad-Hoc|iPhone.Build.0 = Debug|Any CPU
		{CBFE7EE3-3379-4E1B-B6D2-9E28764F8A2C}.Ad-Hoc|iPhoneSimulator.ActiveCfg = Debug|Any CPU
		{CBFE7EE3-3379-4E1B-B6D2-9E28764F8A2C}.Ad-Hoc|iPhoneSimulator.Build.0 = Debug|Any CPU
		{CBFE7EE3-3379-4E1B-B6D2-9E28764F8A2C}.Ad-Hoc|x64.ActiveCfg = Debug|Any CPU
		{CBFE7EE3-3379-4E1B-B6D2-9E28764F8A2C}.Ad-Hoc|x64.Build.0 = Debug|Any CPU
		{CBFE7EE3-3379-4E1B-B6D2-9E28764F8A2C}.Ad-Hoc|x86.ActiveCfg = Debug|Any CPU
		{CBFE7EE3-3379-4E1B-B6D2-9E28764F8A2C}.Ad-Hoc|x86.Build.0 = Debug|Any CPU
		{CBFE7EE3-3379-4E1B-B6D2-9E28764F8A2C}.AppStore|Any CPU.ActiveCfg = Debug|Any CPU
		{CBFE7EE3-3379-4E1B-B6D2-9E28764F8A2C}.AppStore|Any CPU.Build.0 = Debug|Any CPU
		{CBFE7EE3-3379-4E1B-B6D2-9E28764F8A2C}.AppStore|ARM.ActiveCfg = Debug|Any CPU
		{CBFE7EE3-3379-4E1B-B6D2-9E28764F8A2C}.AppStore|ARM.Build.0 = Debug|Any CPU
		{CBFE7EE3-3379-4E1B-B6D2-9E28764F8A2C}.AppStore|iPhone.ActiveCfg = Debug|Any CPU
		{CBFE7EE3-3379-4E1B-B6D2-9E28764F8A2C}.AppStore|iPhone.Build.0 = Debug|Any CPU
		{CBFE7EE3-3379-4E1B-B6D2-9E28764F8A2C}.AppStore|iPhoneSimulator.ActiveCfg = Debug|Any CPU
		{CBFE7EE3-3379-4E1B-B6D2-9E28764F8A2C}.AppStore|iPhoneSimulator.Build.0 = Debug|Any CPU
		{CBFE7EE3-3379-4E1B-B6D2-9E28764F8A2C}.AppStore|x64.ActiveCfg = Debug|Any CPU
		{CBFE7EE3-3379-4E1B-B6D2-9E28764F8A2C}.AppStore|x64.Build.0 = Debug|Any CPU
		{CBFE7EE3-3379-4E1B-B6D2-9E28764F8A2C}.AppStore|x86.ActiveCfg = Debug|Any CPU
		{CBFE7EE3-3379-4E1B-B6D2-9E28764F8A2C}.AppStore|x86.Build.0 = Debug|Any CPU
		{CBFE7EE3-3379-4E1B-B6D2-9E28764F8A2C}.Debug|Any CPU.ActiveCfg = Debug|Any CPU
		{CBFE7EE3-3379-4E1B-B6D2-9E28764F8A2C}.Debug|Any CPU.Build.0 = Debug|Any CPU
		{CBFE7EE3-3379-4E1B-B6D2-9E28764F8A2C}.Debug|ARM.ActiveCfg = Debug|Any CPU
		{CBFE7EE3-3379-4E1B-B6D2-9E28764F8A2C}.Debug|ARM.Build.0 = Debug|Any CPU
		{CBFE7EE3-3379-4E1B-B6D2-9E28764F8A2C}.Debug|iPhone.ActiveCfg = Debug|Any CPU
		{CBFE7EE3-3379-4E1B-B6D2-9E28764F8A2C}.Debug|iPhone.Build.0 = Debug|Any CPU
		{CBFE7EE3-3379-4E1B-B6D2-9E28764F8A2C}.Debug|iPhoneSimulator.ActiveCfg = Debug|Any CPU
		{CBFE7EE3-3379-4E1B-B6D2-9E28764F8A2C}.Debug|iPhoneSimulator.Build.0 = Debug|Any CPU
		{CBFE7EE3-3379-4E1B-B6D2-9E28764F8A2C}.Debug|x64.ActiveCfg = Debug|Any CPU
		{CBFE7EE3-3379-4E1B-B6D2-9E28764F8A2C}.Debug|x64.Build.0 = Debug|Any CPU
		{CBFE7EE3-3379-4E1B-B6D2-9E28764F8A2C}.Debug|x86.ActiveCfg = Debug|Any CPU
		{CBFE7EE3-3379-4E1B-B6D2-9E28764F8A2C}.Debug|x86.Build.0 = Debug|Any CPU
		{CBFE7EE3-3379-4E1B-B6D2-9E28764F8A2C}.Release|Any CPU.ActiveCfg = Release|Any CPU
		{CBFE7EE3-3379-4E1B-B6D2-9E28764F8A2C}.Release|Any CPU.Build.0 = Release|Any CPU
		{CBFE7EE3-3379-4E1B-B6D2-9E28764F8A2C}.Release|ARM.ActiveCfg = Release|Any CPU
		{CBFE7EE3-3379-4E1B-B6D2-9E28764F8A2C}.Release|ARM.Build.0 = Release|Any CPU
		{CBFE7EE3-3379-4E1B-B6D2-9E28764F8A2C}.Release|iPhone.ActiveCfg = Release|Any CPU
		{CBFE7EE3-3379-4E1B-B6D2-9E28764F8A2C}.Release|iPhone.Build.0 = Release|Any CPU
		{CBFE7EE3-3379-4E1B-B6D2-9E28764F8A2C}.Release|iPhoneSimulator.ActiveCfg = Release|Any CPU
		{CBFE7EE3-3379-4E1B-B6D2-9E28764F8A2C}.Release|iPhoneSimulator.Build.0 = Release|Any CPU
		{CBFE7EE3-3379-4E1B-B6D2-9E28764F8A2C}.Release|x64.ActiveCfg = Release|Any CPU
		{CBFE7EE3-3379-4E1B-B6D2-9E28764F8A2C}.Release|x64.Build.0 = Release|Any CPU
		{CBFE7EE3-3379-4E1B-B6D2-9E28764F8A2C}.Release|x86.ActiveCfg = Release|Any CPU
		{CBFE7EE3-3379-4E1B-B6D2-9E28764F8A2C}.Release|x86.Build.0 = Release|Any CPU
	EndGlobalSection
	GlobalSection(SolutionProperties) = preSolution
		HideSolutionNode = FALSE
	EndGlobalSection
	GlobalSection(ExtensibilityGlobals) = postSolution
		SolutionGuid = {76C33857-3879-40BC-9080-00F2950156BF}
	EndGlobalSection
EndGlobal
